
Microsoft Visual Studio Solution File, Format Version 12.00
# Visual Studio 15
VisualStudioVersion = 15.0.27428.2015
MinimumVisualStudioVersion = 10.0.40219.1
Project("{FAE04EC0-301F-11D3-BF4B-00C04F79EFBC}") = "Mercator.GIS.Coordinate.KVS", "Mercator.GIS.Coordinate.KVS\Mercator.GIS.Coordinate.KVS.csproj", "{E2E2CCDD-D21E-4C8F-B1E2-180132F9CCFF}"
EndProject
Project("{FAE04EC0-301F-11D3-BF4B-00C04F79EFBC}") = "Mercator.GIS.Coordinate", "Mercator.GIS.Coordinate\Mercator.GIS.Coordinate.csproj", "{7920E7E6-2EFA-4B5B-887B-0FDE785022A3}"
EndProject
Project("{FAE04EC0-301F-11D3-BF4B-00C04F79EFBC}") = "Mercator.GIS.Projection", "..\Mercator.GIS.Projection\Mercator.GIS.Projection.csproj", "{5474A88E-134A-4B35-BA7E-552156FA8EB0}"
EndProject
Project("{FAE04EC0-301F-11D3-BF4B-00C04F79EFBC}") = "Mercator.Mathematics.LinearAlgebra", "..\Mercator.Mathematics\LinearAlgebra\Mercator.Mathematics.LinearAlgebra.csproj", "{7A88FDAC-C409-4D20-9AC3-020EA08E73CB}"
EndProject
Global
	GlobalSection(SolutionConfigurationPlatforms) = preSolution
		Debug|Any CPU = Debug|Any CPU
		Debug|x64 = Debug|x64
		Debug|x86 = Debug|x86
		Release|Any CPU = Release|Any CPU
		Release|x64 = Release|x64
		Release|x86 = Release|x86
	EndGlobalSection
	GlobalSection(ProjectConfigurationPlatforms) = postSolution
		{E2E2CCDD-D21E-4C8F-B1E2-180132F9CCFF}.Debug|Any CPU.ActiveCfg = Debug|Any CPU
		{E2E2CCDD-D21E-4C8F-B1E2-180132F9CCFF}.Debug|Any CPU.Build.0 = Debug|Any CPU
		{E2E2CCDD-D21E-4C8F-B1E2-180132F9CCFF}.Debug|x64.ActiveCfg = Debug|Any CPU
		{E2E2CCDD-D21E-4C8F-B1E2-180132F9CCFF}.Debug|x64.Build.0 = Debug|Any CPU
		{E2E2CCDD-D21E-4C8F-B1E2-180132F9CCFF}.Debug|x86.ActiveCfg = Debug|Any CPU
		{E2E2CCDD-D21E-4C8F-B1E2-180132F9CCFF}.Debug|x86.Build.0 = Debug|Any CPU
		{E2E2CCDD-D21E-4C8F-B1E2-180132F9CCFF}.Release|Any CPU.ActiveCfg = Release|Any CPU
		{E2E2CCDD-D21E-4C8F-B1E2-180132F9CCFF}.Release|Any CPU.Build.0 = Release|Any CPU
		{E2E2CCDD-D21E-4C8F-B1E2-180132F9CCFF}.Release|x64.ActiveCfg = Release|Any CPU
		{E2E2CCDD-D21E-4C8F-B1E2-180132F9CCFF}.Release|x64.Build.0 = Release|Any CPU
		{E2E2CCDD-D21E-4C8F-B1E2-180132F9CCFF}.Release|x86.ActiveCfg = Release|Any CPU
		{E2E2CCDD-D21E-4C8F-B1E2-180132F9CCFF}.Release|x86.Build.0 = Release|Any CPU
		{7920E7E6-2EFA-4B5B-887B-0FDE785022A3}.Debug|Any CPU.ActiveCfg = Debug|Any CPU
		{7920E7E6-2EFA-4B5B-887B-0FDE785022A3}.Debug|Any CPU.Build.0 = Debug|Any CPU
		{7920E7E6-2EFA-4B5B-887B-0FDE785022A3}.Debug|x64.ActiveCfg = Debug|Any CPU
		{7920E7E6-2EFA-4B5B-887B-0FDE785022A3}.Debug|x64.Build.0 = Debug|Any CPU
		{7920E7E6-2EFA-4B5B-887B-0FDE785022A3}.Debug|x86.ActiveCfg = Debug|Any CPU
		{7920E7E6-2EFA-4B5B-887B-0FDE785022A3}.Debug|x86.Build.0 = Debug|Any CPU
		{7920E7E6-2EFA-4B5B-887B-0FDE785022A3}.Release|Any CPU.ActiveCfg = Release|Any CPU
		{7920E7E6-2EFA-4B5B-887B-0FDE785022A3}.Release|Any CPU.Build.0 = Release|Any CPU
		{7920E7E6-2EFA-4B5B-887B-0FDE785022A3}.Release|x64.ActiveCfg = Release|Any CPU
		{7920E7E6-2EFA-4B5B-887B-0FDE785022A3}.Release|x64.Build.0 = Release|Any CPU
		{7920E7E6-2EFA-4B5B-887B-0FDE785022A3}.Release|x86.ActiveCfg = Release|Any CPU
		{7920E7E6-2EFA-4B5B-887B-0FDE785022A3}.Release|x86.Build.0 = Release|Any CPU
		{5474A88E-134A-4B35-BA7E-552156FA8EB0}.Debug|Any CPU.ActiveCfg = Debug|Any CPU
		{5474A88E-134A-4B35-BA7E-552156FA8EB0}.Debug|Any CPU.Build.0 = Debug|Any CPU
		{5474A88E-134A-4B35-BA7E-552156FA8EB0}.Debug|x64.ActiveCfg = Debug|Any CPU
		{5474A88E-134A-4B35-BA7E-552156FA8EB0}.Debug|x64.Build.0 = Debug|Any CPU
		{5474A88E-134A-4B35-BA7E-552156FA8EB0}.Debug|x86.ActiveCfg = Debug|Any CPU
		{5474A88E-134A-4B35-BA7E-552156FA8EB0}.Debug|x86.Build.0 = Debug|Any CPU
		{5474A88E-134A-4B35-BA7E-552156FA8EB0}.Release|Any CPU.ActiveCfg = Release|Any CPU
		{5474A88E-134A-4B35-BA7E-552156FA8EB0}.Release|Any CPU.Build.0 = Release|Any CPU
		{5474A88E-134A-4B35-BA7E-552156FA8EB0}.Release|x64.ActiveCfg = Release|Any CPU
		{5474A88E-134A-4B35-BA7E-552156FA8EB0}.Release|x64.Build.0 = Release|Any CPU
		{5474A88E-134A-4B35-BA7E-552156FA8EB0}.Release|x86.ActiveCfg = Release|Any CPU
		{5474A88E-134A-4B35-BA7E-552156FA8EB0}.Release|x86.Build.0 = Release|Any CPU
		{7A88FDAC-C409-4D20-9AC3-020EA08E73CB}.Debug|Any CPU.ActiveCfg = Debug|Any CPU
		{7A88FDAC-C409-4D20-9AC3-020EA08E73CB}.Debug|Any CPU.Build.0 = Debug|Any CPU
		{7A88FDAC-C409-4D20-9AC3-020EA08E73CB}.Debug|x64.ActiveCfg = Debug|Any CPU
		{7A88FDAC-C409-4D20-9AC3-020EA08E73CB}.Debug|x64.Build.0 = Debug|Any CPU
		{7A88FDAC-C409-4D20-9AC3-020EA08E73CB}.Debug|x86.ActiveCfg = Debug|Any CPU
		{7A88FDAC-C409-4D20-9AC3-020EA08E73CB}.Debug|x86.Build.0 = Debug|Any CPU
		{7A88FDAC-C409-4D20-9AC3-020EA08E73CB}.Release|Any CPU.ActiveCfg = Release|Any CPU
		{7A88FDAC-C409-4D20-9AC3-020EA08E73CB}.Release|Any CPU.Build.0 = Release|Any CPU
		{7A88FDAC-C409-4D20-9AC3-020EA08E73CB}.Release|x64.ActiveCfg = Release|Any CPU
		{7A88FDAC-C409-4D20-9AC3-020EA08E73CB}.Release|x64.Build.0 = Release|Any CPU
		{7A88FDAC-C409-4D20-9AC3-020EA08E73CB}.Release|x86.ActiveCfg = Release|Any CPU
		{7A88FDAC-C409-4D20-9AC3-020EA08E73CB}.Release|x86.Build.0 = Release|Any CPU
	EndGlobalSection
	GlobalSection(SolutionProperties) = preSolution
		HideSolutionNode = FALSE
	EndGlobalSection
	GlobalSection(ExtensibilityGlobals) = postSolution
		SolutionGuid = {AE679B6F-415D-476C-B2EB-27866A8FFB29}
	EndGlobalSection
EndGlobal
